
Microsoft Visual Studio Solution File, Format Version 12.00
# Visual Studio Version 17
VisualStudioVersion = 17.12.35514.174
MinimumVisualStudioVersion = 10.0.40219.1
Project("{FAE04EC0-301F-11D3-BF4B-00C04F79EFBC}") = "WorkTimeManagementAPI", "WorkTimeManagementAPI\WorkTimeManagementAPI.csproj", "{3D9F416D-42C1-49A0-908B-39FA8AC92270}"
EndProject
Project("{FAE04EC0-301F-11D3-BF4B-00C04F79EFBC}") = "WorkTimeManagement.Test", "WorkTimeManagement.Test\WorkTimeManagement.Test.csproj", "{36913CC3-134E-44BF-A8B1-B0AF8DF35536}"
EndProject
Project("{2150E333-8FDC-42A3-9474-1A3956D46DE8}") = "Solution Items", "Solution Items", "{F018C74D-46DD-4ECF-ADFB-BC8141B27CB2}"
	ProjectSection(SolutionItems) = preProject
		docker-compose.yml = docker-compose.yml
	EndProjectSection
EndProject
Global
	GlobalSection(SolutionConfigurationPlatforms) = preSolution
		Debug|Any CPU = Debug|Any CPU
		Release|Any CPU = Release|Any CPU
	EndGlobalSection
	GlobalSection(ProjectConfigurationPlatforms) = postSolution
		{3D9F416D-42C1-49A0-908B-39FA8AC92270}.Debug|Any CPU.ActiveCfg = Debug|Any CPU
		{3D9F416D-42C1-49A0-908B-39FA8AC92270}.Debug|Any CPU.Build.0 = Debug|Any CPU
		{3D9F416D-42C1-49A0-908B-39FA8AC92270}.Release|Any CPU.ActiveCfg = Release|Any CPU
		{3D9F416D-42C1-49A0-908B-39FA8AC92270}.Release|Any CPU.Build.0 = Release|Any CPU
		{36913CC3-134E-44BF-A8B1-B0AF8DF35536}.Debug|Any CPU.ActiveCfg = Debug|Any CPU
		{36913CC3-134E-44BF-A8B1-B0AF8DF35536}.Debug|Any CPU.Build.0 = Debug|Any CPU
		{36913CC3-134E-44BF-A8B1-B0AF8DF35536}.Release|Any CPU.ActiveCfg = Release|Any CPU
		{36913CC3-134E-44BF-A8B1-B0AF8DF35536}.Release|Any CPU.Build.0 = Release|Any CPU
	EndGlobalSection
	GlobalSection(SolutionProperties) = preSolution
		HideSolutionNode = FALSE
	EndGlobalSection
EndGlobal
